// !$*UTF8*$!
{
	archiveVersion = 1;
	classes = {
	};
	objectVersion = 52;
	objects = {

/* Begin PBXBuildFile section */
		0C7AF6625315E07D4BB81C90 /* Pods_flixster.framework in Frameworks */ = {isa = PBXBuildFile; fileRef = C80D9C4562B833FFD8FB3568 /* Pods_flixster.framework */; };
		BF481CCC8BBFDA55F0F0C929 /* Pods_flixster_flixsterUITests.framework in Frameworks */ = {isa = PBXBuildFile; fileRef = 4A2E313669AF808C790BDA14 /* Pods_flixster_flixsterUITests.framework */; };
		D32A387D26D433ED00891C78 /* AppDelegate.swift in Sources */ = {isa = PBXBuildFile; fileRef = D32A387C26D433ED00891C78 /* AppDelegate.swift */; };
		D32A387F26D433ED00891C78 /* SceneDelegate.swift in Sources */ = {isa = PBXBuildFile; fileRef = D32A387E26D433ED00891C78 /* SceneDelegate.swift */; };
		D32A388426D433ED00891C78 /* Main.storyboard in Resources */ = {isa = PBXBuildFile; fileRef = D32A388226D433ED00891C78 /* Main.storyboard */; };
		D32A388626D433F200891C78 /* Assets.xcassets in Resources */ = {isa = PBXBuildFile; fileRef = D32A388526D433F200891C78 /* Assets.xcassets */; };
		D32A388926D433F200891C78 /* LaunchScreen.storyboard in Resources */ = {isa = PBXBuildFile; fileRef = D32A388726D433F200891C78 /* LaunchScreen.storyboard */; };
		D32A389426D433F200891C78 /* flixsterTests.swift in Sources */ = {isa = PBXBuildFile; fileRef = D32A389326D433F200891C78 /* flixsterTests.swift */; };
		D32A389F26D433F200891C78 /* flixsterUITests.swift in Sources */ = {isa = PBXBuildFile; fileRef = D32A389E26D433F200891C78 /* flixsterUITests.swift */; };
		D32A38AD26D4381900891C78 /* MoviesViewController.swift in Sources */ = {isa = PBXBuildFile; fileRef = D32A38AC26D4381900891C78 /* MoviesViewController.swift */; };
		D32A38AF26D4608B00891C78 /* MovieCell.swift in Sources */ = {isa = PBXBuildFile; fileRef = D32A38AE26D4608B00891C78 /* MovieCell.swift */; };
		D32A38B226D48FBE00891C78 /* AlamofireImage in Frameworks */ = {isa = PBXBuildFile; productRef = D32A38B126D48FBE00891C78 /* AlamofireImage */; };
		F8E48732F7ADAD6765046552 /* Pods_flixsterTests.framework in Frameworks */ = {isa = PBXBuildFile; fileRef = 92466906A2BEDA8EA9EB70A7 /* Pods_flixsterTests.framework */; };
/* End PBXBuildFile section */

/* Begin PBXContainerItemProxy section */
		D32A389026D433F200891C78 /* PBXContainerItemProxy */ = {
			isa = PBXContainerItemProxy;
			containerPortal = D32A387126D433EC00891C78 /* Project object */;
			proxyType = 1;
			remoteGlobalIDString = D32A387826D433EC00891C78;
			remoteInfo = flixster;
		};
		D32A389B26D433F200891C78 /* PBXContainerItemProxy */ = {
			isa = PBXContainerItemProxy;
			containerPortal = D32A387126D433EC00891C78 /* Project object */;
			proxyType = 1;
			remoteGlobalIDString = D32A387826D433EC00891C78;
			remoteInfo = flixster;
		};
/* End PBXContainerItemProxy section */

/* Begin PBXFileReference section */
		4A2E313669AF808C790BDA14 /* Pods_flixster_flixsterUITests.framework */ = {isa = PBXFileReference; explicitFileType = wrapper.framework; includeInIndex = 0; path = Pods_flixster_flixsterUITests.framework; sourceTree = BUILT_PRODUCTS_DIR; };
		553BE6FDCF92C144B0C47862 /* Pods-flixster-flixsterUITests.release.xcconfig */ = {isa = PBXFileReference; includeInIndex = 1; lastKnownFileType = text.xcconfig; name = "Pods-flixster-flixsterUITests.release.xcconfig"; path = "Target Support Files/Pods-flixster-flixsterUITests/Pods-flixster-flixsterUITests.release.xcconfig"; sourceTree = "<group>"; };
		5AB91F55A3296164517A0E8F /* Pods-flixsterTests.release.xcconfig */ = {isa = PBXFileReference; includeInIndex = 1; lastKnownFileType = text.xcconfig; name = "Pods-flixsterTests.release.xcconfig"; path = "Target Support Files/Pods-flixsterTests/Pods-flixsterTests.release.xcconfig"; sourceTree = "<group>"; };
		61522899D5B45AB6A5FD42F7 /* Pods-flixster.debug.xcconfig */ = {isa = PBXFileReference; includeInIndex = 1; lastKnownFileType = text.xcconfig; name = "Pods-flixster.debug.xcconfig"; path = "Target Support Files/Pods-flixster/Pods-flixster.debug.xcconfig"; sourceTree = "<group>"; };
		913B8F010769C348F6A623C3 /* Pods-flixster-flixsterUITests.debug.xcconfig */ = {isa = PBXFileReference; includeInIndex = 1; lastKnownFileType = text.xcconfig; name = "Pods-flixster-flixsterUITests.debug.xcconfig"; path = "Target Support Files/Pods-flixster-flixsterUITests/Pods-flixster-flixsterUITests.debug.xcconfig"; sourceTree = "<group>"; };
		92466906A2BEDA8EA9EB70A7 /* Pods_flixsterTests.framework */ = {isa = PBXFileReference; explicitFileType = wrapper.framework; includeInIndex = 0; path = Pods_flixsterTests.framework; sourceTree = BUILT_PRODUCTS_DIR; };
		C80D9C4562B833FFD8FB3568 /* Pods_flixster.framework */ = {isa = PBXFileReference; explicitFileType = wrapper.framework; includeInIndex = 0; path = Pods_flixster.framework; sourceTree = BUILT_PRODUCTS_DIR; };
		D32A387926D433EC00891C78 /* flixster.app */ = {isa = PBXFileReference; explicitFileType = wrapper.application; includeInIndex = 0; path = flixster.app; sourceTree = BUILT_PRODUCTS_DIR; };
		D32A387C26D433ED00891C78 /* AppDelegate.swift */ = {isa = PBXFileReference; lastKnownFileType = sourcecode.swift; path = AppDelegate.swift; sourceTree = "<group>"; };
		D32A387E26D433ED00891C78 /* SceneDelegate.swift */ = {isa = PBXFileReference; lastKnownFileType = sourcecode.swift; path = SceneDelegate.swift; sourceTree = "<group>"; };
		D32A388326D433ED00891C78 /* Base */ = {isa = PBXFileReference; lastKnownFileType = file.storyboard; name = Base; path = Base.lproj/Main.storyboard; sourceTree = "<group>"; };
		D32A388526D433F200891C78 /* Assets.xcassets */ = {isa = PBXFileReference; lastKnownFileType = folder.assetcatalog; path = Assets.xcassets; sourceTree = "<group>"; };
		D32A388826D433F200891C78 /* Base */ = {isa = PBXFileReference; lastKnownFileType = file.storyboard; name = Base; path = Base.lproj/LaunchScreen.storyboard; sourceTree = "<group>"; };
		D32A388A26D433F200891C78 /* Info.plist */ = {isa = PBXFileReference; lastKnownFileType = text.plist.xml; path = Info.plist; sourceTree = "<group>"; };
		D32A388F26D433F200891C78 /* flixsterTests.xctest */ = {isa = PBXFileReference; explicitFileType = wrapper.cfbundle; includeInIndex = 0; path = flixsterTests.xctest; sourceTree = BUILT_PRODUCTS_DIR; };
		D32A389326D433F200891C78 /* flixsterTests.swift */ = {isa = PBXFileReference; lastKnownFileType = sourcecode.swift; path = flixsterTests.swift; sourceTree = "<group>"; };
		D32A389526D433F200891C78 /* Info.plist */ = {isa = PBXFileReference; lastKnownFileType = text.plist.xml; path = Info.plist; sourceTree = "<group>"; };
		D32A389A26D433F200891C78 /* flixsterUITests.xctest */ = {isa = PBXFileReference; explicitFileType = wrapper.cfbundle; includeInIndex = 0; path = flixsterUITests.xctest; sourceTree = BUILT_PRODUCTS_DIR; };
		D32A389E26D433F200891C78 /* flixsterUITests.swift */ = {isa = PBXFileReference; lastKnownFileType = sourcecode.swift; path = flixsterUITests.swift; sourceTree = "<group>"; };
		D32A38A026D433F200891C78 /* Info.plist */ = {isa = PBXFileReference; lastKnownFileType = text.plist.xml; path = Info.plist; sourceTree = "<group>"; };
		D32A38AC26D4381900891C78 /* MoviesViewController.swift */ = {isa = PBXFileReference; lastKnownFileType = sourcecode.swift; path = MoviesViewController.swift; sourceTree = "<group>"; };
		D32A38AE26D4608B00891C78 /* MovieCell.swift */ = {isa = PBXFileReference; lastKnownFileType = sourcecode.swift; path = MovieCell.swift; sourceTree = "<group>"; };
		EB4F1A104DA4F5F3DE633861 /* Pods-flixster.release.xcconfig */ = {isa = PBXFileReference; includeInIndex = 1; lastKnownFileType = text.xcconfig; name = "Pods-flixster.release.xcconfig"; path = "Target Support Files/Pods-flixster/Pods-flixster.release.xcconfig"; sourceTree = "<group>"; };
		EEACB6CFAF95A850FE1EEEB3 /* Pods-flixsterTests.debug.xcconfig */ = {isa = PBXFileReference; includeInIndex = 1; lastKnownFileType = text.xcconfig; name = "Pods-flixsterTests.debug.xcconfig"; path = "Target Support Files/Pods-flixsterTests/Pods-flixsterTests.debug.xcconfig"; sourceTree = "<group>"; };
/* End PBXFileReference section */

/* Begin PBXFrameworksBuildPhase section */
		D32A387626D433EC00891C78 /* Frameworks */ = {
			isa = PBXFrameworksBuildPhase;
			buildActionMask = 2147483647;
			files = (
				D32A38B226D48FBE00891C78 /* AlamofireImage in Frameworks */,
				0C7AF6625315E07D4BB81C90 /* Pods_flixster.framework in Frameworks */,
			);
			runOnlyForDeploymentPostprocessing = 0;
		};
		D32A388C26D433F200891C78 /* Frameworks */ = {
			isa = PBXFrameworksBuildPhase;
			buildActionMask = 2147483647;
			files = (
				F8E48732F7ADAD6765046552 /* Pods_flixsterTests.framework in Frameworks */,
			);
			runOnlyForDeploymentPostprocessing = 0;
		};
		D32A389726D433F200891C78 /* Frameworks */ = {
			isa = PBXFrameworksBuildPhase;
			buildActionMask = 2147483647;
			files = (
				BF481CCC8BBFDA55F0F0C929 /* Pods_flixster_flixsterUITests.framework in Frameworks */,
			);
			runOnlyForDeploymentPostprocessing = 0;
		};
/* End PBXFrameworksBuildPhase section */

/* Begin PBXGroup section */
		8E3B3502932DDC9E885FCADC /* Pods */ = {
			isa = PBXGroup;
			children = (
				61522899D5B45AB6A5FD42F7 /* Pods-flixster.debug.xcconfig */,
				EB4F1A104DA4F5F3DE633861 /* Pods-flixster.release.xcconfig */,
				913B8F010769C348F6A623C3 /* Pods-flixster-flixsterUITests.debug.xcconfig */,
				553BE6FDCF92C144B0C47862 /* Pods-flixster-flixsterUITests.release.xcconfig */,
				EEACB6CFAF95A850FE1EEEB3 /* Pods-flixsterTests.debug.xcconfig */,
				5AB91F55A3296164517A0E8F /* Pods-flixsterTests.release.xcconfig */,
			);
			name = Pods;
			path = Pods;
			sourceTree = "<group>";
		};
		A90F38F4CDE1CA3CDFFD1571 /* Frameworks */ = {
			isa = PBXGroup;
			children = (
				C80D9C4562B833FFD8FB3568 /* Pods_flixster.framework */,
				4A2E313669AF808C790BDA14 /* Pods_flixster_flixsterUITests.framework */,
				92466906A2BEDA8EA9EB70A7 /* Pods_flixsterTests.framework */,
			);
			name = Frameworks;
			sourceTree = "<group>";
		};
		D32A387026D433EC00891C78 = {
			isa = PBXGroup;
			children = (
				D32A387B26D433EC00891C78 /* flixster */,
				D32A389226D433F200891C78 /* flixsterTests */,
				D32A389D26D433F200891C78 /* flixsterUITests */,
				D32A387A26D433EC00891C78 /* Products */,
				8E3B3502932DDC9E885FCADC /* Pods */,
				A90F38F4CDE1CA3CDFFD1571 /* Frameworks */,
			);
			sourceTree = "<group>";
		};
		D32A387A26D433EC00891C78 /* Products */ = {
			isa = PBXGroup;
			children = (
				D32A387926D433EC00891C78 /* flixster.app */,
				D32A388F26D433F200891C78 /* flixsterTests.xctest */,
				D32A389A26D433F200891C78 /* flixsterUITests.xctest */,
			);
			name = Products;
			sourceTree = "<group>";
		};
		D32A387B26D433EC00891C78 /* flixster */ = {
			isa = PBXGroup;
			children = (
				D32A387C26D433ED00891C78 /* AppDelegate.swift */,
				D32A387E26D433ED00891C78 /* SceneDelegate.swift */,
				D32A388226D433ED00891C78 /* Main.storyboard */,
				D32A388526D433F200891C78 /* Assets.xcassets */,
				D32A388726D433F200891C78 /* LaunchScreen.storyboard */,
				D32A388A26D433F200891C78 /* Info.plist */,
				D32A38AC26D4381900891C78 /* MoviesViewController.swift */,
				D32A38AE26D4608B00891C78 /* MovieCell.swift */,
			);
			path = flixster;
			sourceTree = "<group>";
		};
		D32A389226D433F200891C78 /* flixsterTests */ = {
			isa = PBXGroup;
			children = (
				D32A389326D433F200891C78 /* flixsterTests.swift */,
				D32A389526D433F200891C78 /* Info.plist */,
			);
			path = flixsterTests;
			sourceTree = "<group>";
		};
		D32A389D26D433F200891C78 /* flixsterUITests */ = {
			isa = PBXGroup;
			children = (
				D32A389E26D433F200891C78 /* flixsterUITests.swift */,
				D32A38A026D433F200891C78 /* Info.plist */,
			);
			path = flixsterUITests;
			sourceTree = "<group>";
		};
/* End PBXGroup section */

/* Begin PBXNativeTarget section */
		D32A387826D433EC00891C78 /* flixster */ = {
			isa = PBXNativeTarget;
			buildConfigurationList = D32A38A326D433F200891C78 /* Build configuration list for PBXNativeTarget "flixster" */;
			buildPhases = (
				6A63C8F8B6BDFFFEB012EA7D /* [CP] Check Pods Manifest.lock */,
				D32A387526D433EC00891C78 /* Sources */,
				D32A387626D433EC00891C78 /* Frameworks */,
				D32A387726D433EC00891C78 /* Resources */,
				0BA8AFFF6FEA2248AEDD2791 /* [CP] Embed Pods Frameworks */,
			);
			buildRules = (
			);
			dependencies = (
			);
			name = flixster;
			packageProductDependencies = (
				D32A38B126D48FBE00891C78 /* AlamofireImage */,
			);
			productName = flixster;
			productReference = D32A387926D433EC00891C78 /* flixster.app */;
			productType = "com.apple.product-type.application";
		};
		D32A388E26D433F200891C78 /* flixsterTests */ = {
			isa = PBXNativeTarget;
			buildConfigurationList = D32A38A626D433F200891C78 /* Build configuration list for PBXNativeTarget "flixsterTests" */;
			buildPhases = (
				889BA1ECDBBBB53F534851F7 /* [CP] Check Pods Manifest.lock */,
				D32A388B26D433F200891C78 /* Sources */,
				D32A388C26D433F200891C78 /* Frameworks */,
				D32A388D26D433F200891C78 /* Resources */,
			);
			buildRules = (
			);
			dependencies = (
				D32A389126D433F200891C78 /* PBXTargetDependency */,
			);
			name = flixsterTests;
			productName = flixsterTests;
			productReference = D32A388F26D433F200891C78 /* flixsterTests.xctest */;
			productType = "com.apple.product-type.bundle.unit-test";
		};
		D32A389926D433F200891C78 /* flixsterUITests */ = {
			isa = PBXNativeTarget;
			buildConfigurationList = D32A38A926D433F200891C78 /* Build configuration list for PBXNativeTarget "flixsterUITests" */;
			buildPhases = (
				BC51E6E2BDFED0EE09D8814E /* [CP] Check Pods Manifest.lock */,
				D32A389626D433F200891C78 /* Sources */,
				D32A389726D433F200891C78 /* Frameworks */,
				D32A389826D433F200891C78 /* Resources */,
				BE9A0FD50D6372E3CF1048DA /* [CP] Embed Pods Frameworks */,
			);
			buildRules = (
			);
			dependencies = (
				D32A389C26D433F200891C78 /* PBXTargetDependency */,
			);
			name = flixsterUITests;
			productName = flixsterUITests;
			productReference = D32A389A26D433F200891C78 /* flixsterUITests.xctest */;
			productType = "com.apple.product-type.bundle.ui-testing";
		};
/* End PBXNativeTarget section */

/* Begin PBXProject section */
		D32A387126D433EC00891C78 /* Project object */ = {
			isa = PBXProject;
			attributes = {
				LastSwiftUpdateCheck = 1250;
				LastUpgradeCheck = 1250;
				TargetAttributes = {
					D32A387826D433EC00891C78 = {
						CreatedOnToolsVersion = 12.5.1;
					};
					D32A388E26D433F200891C78 = {
						CreatedOnToolsVersion = 12.5.1;
						TestTargetID = D32A387826D433EC00891C78;
					};
					D32A389926D433F200891C78 = {
						CreatedOnToolsVersion = 12.5.1;
						TestTargetID = D32A387826D433EC00891C78;
					};
				};
			};
			buildConfigurationList = D32A387426D433EC00891C78 /* Build configuration list for PBXProject "flixster" */;
			compatibilityVersion = "Xcode 9.3";
			developmentRegion = en;
			hasScannedForEncodings = 0;
			knownRegions = (
				en,
				Base,
			);
			mainGroup = D32A387026D433EC00891C78;
			packageReferences = (
				D32A38B026D48FBE00891C78 /* XCRemoteSwiftPackageReference "AlamofireImage" */,
			);
			productRefGroup = D32A387A26D433EC00891C78 /* Products */;
			projectDirPath = "";
			projectRoot = "";
			targets = (
				D32A387826D433EC00891C78 /* flixster */,
				D32A388E26D433F200891C78 /* flixsterTests */,
				D32A389926D433F200891C78 /* flixsterUITests */,
			);
		};
/* End PBXProject section */

/* Begin PBXResourcesBuildPhase section */
		D32A387726D433EC00891C78 /* Resources */ = {
			isa = PBXResourcesBuildPhase;
			buildActionMask = 2147483647;
			files = (
				D32A388926D433F200891C78 /* LaunchScreen.storyboard in Resources */,
				D32A388626D433F200891C78 /* Assets.xcassets in Resources */,
				D32A388426D433ED00891C78 /* Main.storyboard in Resources */,
			);
			runOnlyForDeploymentPostprocessing = 0;
		};
		D32A388D26D433F200891C78 /* Resources */ = {
			isa = PBXResourcesBuildPhase;
			buildActionMask = 2147483647;
			files = (
			);
			runOnlyForDeploymentPostprocessing = 0;
		};
		D32A389826D433F200891C78 /* Resources */ = {
			isa = PBXResourcesBuildPhase;
			buildActionMask = 2147483647;
			files = (
			);
			runOnlyForDeploymentPostprocessing = 0;
		};
/* End PBXResourcesBuildPhase section */

/* Begin PBXShellScriptBuildPhase section */
		0BA8AFFF6FEA2248AEDD2791 /* [CP] Embed Pods Frameworks */ = {
			isa = PBXShellScriptBuildPhase;
			buildActionMask = 2147483647;
			files = (
			);
			inputFileListPaths = (
				"${PODS_ROOT}/Target Support Files/Pods-flixster/Pods-flixster-frameworks-${CONFIGURATION}-input-files.xcfilelist",
			);
			name = "[CP] Embed Pods Frameworks";
			outputFileListPaths = (
				"${PODS_ROOT}/Target Support Files/Pods-flixster/Pods-flixster-frameworks-${CONFIGURATION}-output-files.xcfilelist",
			);
			runOnlyForDeploymentPostprocessing = 0;
			shellPath = /bin/sh;
			shellScript = "\"${PODS_ROOT}/Target Support Files/Pods-flixster/Pods-flixster-frameworks.sh\"\n";
			showEnvVarsInLog = 0;
		};
		6A63C8F8B6BDFFFEB012EA7D /* [CP] Check Pods Manifest.lock */ = {
			isa = PBXShellScriptBuildPhase;
			buildActionMask = 2147483647;
			files = (
			);
			inputFileListPaths = (
			);
			inputPaths = (
				"${PODS_PODFILE_DIR_PATH}/Podfile.lock",
				"${PODS_ROOT}/Manifest.lock",
			);
			name = "[CP] Check Pods Manifest.lock";
			outputFileListPaths = (
			);
			outputPaths = (
				"$(DERIVED_FILE_DIR)/Pods-flixster-checkManifestLockResult.txt",
			);
			runOnlyForDeploymentPostprocessing = 0;
			shellPath = /bin/sh;
			shellScript = "diff \"${PODS_PODFILE_DIR_PATH}/Podfile.lock\" \"${PODS_ROOT}/Manifest.lock\" > /dev/null\nif [ $? != 0 ] ; then\n    # print error to STDERR\n    echo \"error: The sandbox is not in sync with the Podfile.lock. Run 'pod install' or update your CocoaPods installation.\" >&2\n    exit 1\nfi\n# This output is used by Xcode 'outputs' to avoid re-running this script phase.\necho \"SUCCESS\" > \"${SCRIPT_OUTPUT_FILE_0}\"\n";
			showEnvVarsInLog = 0;
		};
		889BA1ECDBBBB53F534851F7 /* [CP] Check Pods Manifest.lock */ = {
			isa = PBXShellScriptBuildPhase;
			buildActionMask = 2147483647;
			files = (
			);
			inputFileListPaths = (
			);
			inputPaths = (
				"${PODS_PODFILE_DIR_PATH}/Podfile.lock",
				"${PODS_ROOT}/Manifest.lock",
			);
			name = "[CP] Check Pods Manifest.lock";
			outputFileListPaths = (
			);
			outputPaths = (
				"$(DERIVED_FILE_DIR)/Pods-flixsterTests-checkManifestLockResult.txt",
			);
			runOnlyForDeploymentPostprocessing = 0;
			shellPath = /bin/sh;
			shellScript = "diff \"${PODS_PODFILE_DIR_PATH}/Podfile.lock\" \"${PODS_ROOT}/Manifest.lock\" > /dev/null\nif [ $? != 0 ] ; then\n    # print error to STDERR\n    echo \"error: The sandbox is not in sync with the Podfile.lock. Run 'pod install' or update your CocoaPods installation.\" >&2\n    exit 1\nfi\n# This output is used by Xcode 'outputs' to avoid re-running this script phase.\necho \"SUCCESS\" > \"${SCRIPT_OUTPUT_FILE_0}\"\n";
			showEnvVarsInLog = 0;
		};
		BC51E6E2BDFED0EE09D8814E /* [CP] Check Pods Manifest.lock */ = {
			isa = PBXShellScriptBuildPhase;
			buildActionMask = 2147483647;
			files = (
			);
			inputFileListPaths = (
			);
			inputPaths = (
				"${PODS_PODFILE_DIR_PATH}/Podfile.lock",
				"${PODS_ROOT}/Manifest.lock",
			);
			name = "[CP] Check Pods Manifest.lock";
			outputFileListPaths = (
			);
			outputPaths = (
				"$(DERIVED_FILE_DIR)/Pods-flixster-flixsterUITests-checkManifestLockResult.txt",
			);
			runOnlyForDeploymentPostprocessing = 0;
			shellPath = /bin/sh;
			shellScript = "diff \"${PODS_PODFILE_DIR_PATH}/Podfile.lock\" \"${PODS_ROOT}/Manifest.lock\" > /dev/null\nif [ $? != 0 ] ; then\n    # print error to STDERR\n    echo \"error: The sandbox is not in sync with the Podfile.lock. Run 'pod install' or update your CocoaPods installation.\" >&2\n    exit 1\nfi\n# This output is used by Xcode 'outputs' to avoid re-running this script phase.\necho \"SUCCESS\" > \"${SCRIPT_OUTPUT_FILE_0}\"\n";
			showEnvVarsInLog = 0;
		};
		BE9A0FD50D6372E3CF1048DA /* [CP] Embed Pods Frameworks */ = {
			isa = PBXShellScriptBuildPhase;
			buildActionMask = 2147483647;
			files = (
			);
			inputFileListPaths = (
				"${PODS_ROOT}/Target Support Files/Pods-flixster-flixsterUITests/Pods-flixster-flixsterUITests-frameworks-${CONFIGURATION}-input-files.xcfilelist",
			);
			name = "[CP] Embed Pods Frameworks";
			outputFileListPaths = (
				"${PODS_ROOT}/Target Support Files/Pods-flixster-flixsterUITests/Pods-flixster-flixsterUITests-frameworks-${CONFIGURATION}-output-files.xcfilelist",
			);
			runOnlyForDeploymentPostprocessing = 0;
			shellPath = /bin/sh;
			shellScript = "\"${PODS_ROOT}/Target Support Files/Pods-flixster-flixsterUITests/Pods-flixster-flixsterUITests-frameworks.sh\"\n";
			showEnvVarsInLog = 0;
		};
/* End PBXShellScriptBuildPhase section */

/* Begin PBXSourcesBuildPhase section */
		D32A387526D433EC00891C78 /* Sources */ = {
			isa = PBXSourcesBuildPhase;
			buildActionMask = 2147483647;
			files = (
				D32A387D26D433ED00891C78 /* AppDelegate.swift in Sources */,
				D32A387F26D433ED00891C78 /* SceneDelegate.swift in Sources */,
				D32A38AF26D4608B00891C78 /* MovieCell.swift in Sources */,
				D32A38AD26D4381900891C78 /* MoviesViewController.swift in Sources */,
			);
			runOnlyForDeploymentPostprocessing = 0;
		};
		D32A388B26D433F200891C78 /* Sources */ = {
			isa = PBXSourcesBuildPhase;
			buildActionMask = 2147483647;
			files = (
				D32A389426D433F200891C78 /* flixsterTests.swift in Sources */,
			);
			runOnlyForDeploymentPostprocessing = 0;
		};
		D32A389626D433F200891C78 /* Sources */ = {
			isa = PBXSourcesBuildPhase;
			buildActionMask = 2147483647;
			files = (
				D32A389F26D433F200891C78 /* flixsterUITests.swift in Sources */,
			);
			runOnlyForDeploymentPostprocessing = 0;
		};
/* End PBXSourcesBuildPhase section */

/* Begin PBXTargetDependency section */
		D32A389126D433F200891C78 /* PBXTargetDependency */ = {
			isa = PBXTargetDependency;
			target = D32A387826D433EC00891C78 /* flixster */;
			targetProxy = D32A389026D433F200891C78 /* PBXContainerItemProxy */;
		};
		D32A389C26D433F200891C78 /* PBXTargetDependency */ = {
			isa = PBXTargetDependency;
			target = D32A387826D433EC00891C78 /* flixster */;
			targetProxy = D32A389B26D433F200891C78 /* PBXContainerItemProxy */;
		};
/* End PBXTargetDependency section */

/* Begin PBXVariantGroup section */
		D32A388226D433ED00891C78 /* Main.storyboard */ = {
			isa = PBXVariantGroup;
			children = (
				D32A388326D433ED00891C78 /* Base */,
			);
			name = Main.storyboard;
			sourceTree = "<group>";
		};
		D32A388726D433F200891C78 /* LaunchScreen.storyboard */ = {
			isa = PBXVariantGroup;
			children = (
				D32A388826D433F200891C78 /* Base */,
			);
			name = LaunchScreen.storyboard;
			sourceTree = "<group>";
		};
/* End PBXVariantGroup section */

/* Begin XCBuildConfiguration section */
		D32A38A126D433F200891C78 /* Debug */ = {
			isa = XCBuildConfiguration;
			buildSettings = {
				ALWAYS_SEARCH_USER_PATHS = NO;
				CLANG_ANALYZER_NONNULL = YES;
				CLANG_ANALYZER_NUMBER_OBJECT_CONVERSION = YES_AGGRESSIVE;
				CLANG_CXX_LANGUAGE_STANDARD = "gnu++14";
				CLANG_CXX_LIBRARY = "libc++";
				CLANG_ENABLE_MODULES = YES;
				CLANG_ENABLE_OBJC_ARC = YES;
				CLANG_ENABLE_OBJC_WEAK = YES;
				CLANG_WARN_BLOCK_CAPTURE_AUTORELEASING = YES;
				CLANG_WARN_BOOL_CONVERSION = YES;
				CLANG_WARN_COMMA = YES;
				CLANG_WARN_CONSTANT_CONVERSION = YES;
				CLANG_WARN_DEPRECATED_OBJC_IMPLEMENTATIONS = YES;
				CLANG_WARN_DIRECT_OBJC_ISA_USAGE = YES_ERROR;
				CLANG_WARN_DOCUMENTATION_COMMENTS = YES;
				CLANG_WARN_EMPTY_BODY = YES;
				CLANG_WARN_ENUM_CONVERSION = YES;
				CLANG_WARN_INFINITE_RECURSION = YES;
				CLANG_WARN_INT_CONVERSION = YES;
				CLANG_WARN_NON_LITERAL_NULL_CONVERSION = YES;
				CLANG_WARN_OBJC_IMPLICIT_RETAIN_SELF = YES;
				CLANG_WARN_OBJC_LITERAL_CONVERSION = YES;
				CLANG_WARN_OBJC_ROOT_CLASS = YES_ERROR;
				CLANG_WARN_QUOTED_INCLUDE_IN_FRAMEWORK_HEADER = YES;
				CLANG_WARN_RANGE_LOOP_ANALYSIS = YES;
				CLANG_WARN_STRICT_PROTOTYPES = YES;
				CLANG_WARN_SUSPICIOUS_MOVE = YES;
				CLANG_WARN_UNGUARDED_AVAILABILITY = YES_AGGRESSIVE;
				CLANG_WARN_UNREACHABLE_CODE = YES;
				CLANG_WARN__DUPLICATE_METHOD_MATCH = YES;
				COPY_PHASE_STRIP = NO;
				DEBUG_INFORMATION_FORMAT = dwarf;
				ENABLE_STRICT_OBJC_MSGSEND = YES;
				ENABLE_TESTABILITY = YES;
				GCC_C_LANGUAGE_STANDARD = gnu11;
				GCC_DYNAMIC_NO_PIC = NO;
				GCC_NO_COMMON_BLOCKS = YES;
				GCC_OPTIMIZATION_LEVEL = 0;
				GCC_PREPROCESSOR_DEFINITIONS = (
					"DEBUG=1",
					"$(inherited)",
				);
				GCC_WARN_64_TO_32_BIT_CONVERSION = YES;
				GCC_WARN_ABOUT_RETURN_TYPE = YES_ERROR;
				GCC_WARN_UNDECLARED_SELECTOR = YES;
				GCC_WARN_UNINITIALIZED_AUTOS = YES_AGGRESSIVE;
				GCC_WARN_UNUSED_FUNCTION = YES;
				GCC_WARN_UNUSED_VARIABLE = YES;
				IPHONEOS_DEPLOYMENT_TARGET = 14.5;
				MTL_ENABLE_DEBUG_INFO = INCLUDE_SOURCE;
				MTL_FAST_MATH = YES;
				ONLY_ACTIVE_ARCH = YES;
				SDKROOT = iphoneos;
				SWIFT_ACTIVE_COMPILATION_CONDITIONS = DEBUG;
				SWIFT_OPTIMIZATION_LEVEL = "-Onone";
			};
			name = Debug;
		};
		D32A38A226D433F200891C78 /* Release */ = {
			isa = XCBuildConfiguration;
			buildSettings = {
				ALWAYS_SEARCH_USER_PATHS = NO;
				CLANG_ANALYZER_NONNULL = YES;
				CLANG_ANALYZER_NUMBER_OBJECT_CONVERSION = YES_AGGRESSIVE;
				CLANG_CXX_LANGUAGE_STANDARD = "gnu++14";
				CLANG_CXX_LIBRARY = "libc++";
				CLANG_ENABLE_MODULES = YES;
				CLANG_ENABLE_OBJC_ARC = YES;
				CLANG_ENABLE_OBJC_WEAK = YES;
				CLANG_WARN_BLOCK_CAPTURE_AUTORELEASING = YES;
				CLANG_WARN_BOOL_CONVERSION = YES;
				CLANG_WARN_COMMA = YES;
				CLANG_WARN_CONSTANT_CONVERSION = YES;
				CLANG_WARN_DEPRECATED_OBJC_IMPLEMENTATIONS = YES;
				CLANG_WARN_DIRECT_OBJC_ISA_USAGE = YES_ERROR;
				CLANG_WARN_DOCUMENTATION_COMMENTS = YES;
				CLANG_WARN_EMPTY_BODY = YES;
				CLANG_WARN_ENUM_CONVERSION = YES;
				CLANG_WARN_INFINITE_RECURSION = YES;
				CLANG_WARN_INT_CONVERSION = YES;
				CLANG_WARN_NON_LITERAL_NULL_CONVERSION = YES;
				CLANG_WARN_OBJC_IMPLICIT_RETAIN_SELF = YES;
				CLANG_WARN_OBJC_LITERAL_CONVERSION = YES;
				CLANG_WARN_OBJC_ROOT_CLASS = YES_ERROR;
				CLANG_WARN_QUOTED_INCLUDE_IN_FRAMEWORK_HEADER = YES;
				CLANG_WARN_RANGE_LOOP_ANALYSIS = YES;
				CLANG_WARN_STRICT_PROTOTYPES = YES;
				CLANG_WARN_SUSPICIOUS_MOVE = YES;
				CLANG_WARN_UNGUARDED_AVAILABILITY = YES_AGGRESSIVE;
				CLANG_WARN_UNREACHABLE_CODE = YES;
				CLANG_WARN__DUPLICATE_METHOD_MATCH = YES;
				COPY_PHASE_STRIP = NO;
				DEBUG_INFORMATION_FORMAT = "dwarf-with-dsym";
				ENABLE_NS_ASSERTIONS = NO;
				ENABLE_STRICT_OBJC_MSGSEND = YES;
				GCC_C_LANGUAGE_STANDARD = gnu11;
				GCC_NO_COMMON_BLOCKS = YES;
				GCC_WARN_64_TO_32_BIT_CONVERSION = YES;
				GCC_WARN_ABOUT_RETURN_TYPE = YES_ERROR;
				GCC_WARN_UNDECLARED_SELECTOR = YES;
				GCC_WARN_UNINITIALIZED_AUTOS = YES_AGGRESSIVE;
				GCC_WARN_UNUSED_FUNCTION = YES;
				GCC_WARN_UNUSED_VARIABLE = YES;
				IPHONEOS_DEPLOYMENT_TARGET = 14.5;
				MTL_ENABLE_DEBUG_INFO = NO;
				MTL_FAST_MATH = YES;
				SDKROOT = iphoneos;
				SWIFT_COMPILATION_MODE = wholemodule;
				SWIFT_OPTIMIZATION_LEVEL = "-O";
				VALIDATE_PRODUCT = YES;
			};
			name = Release;
		};
		D32A38A426D433F200891C78 /* Debug */ = {
			isa = XCBuildConfiguration;
			baseConfigurationReference = 61522899D5B45AB6A5FD42F7 /* Pods-flixster.debug.xcconfig */;
			buildSettings = {
				ASSETCATALOG_COMPILER_APPICON_NAME = AppIcon;
				ASSETCATALOG_COMPILER_GLOBAL_ACCENT_COLOR_NAME = AccentColor;
				CODE_SIGN_STYLE = Automatic;
				INFOPLIST_FILE = flixster/Info.plist;
				LD_RUNPATH_SEARCH_PATHS = (
					"$(inherited)",
					"@executable_path/Frameworks",
				);
				PRODUCT_BUNDLE_IDENTIFIER = com.fullmetaldev.flixster;
				PRODUCT_NAME = "$(TARGET_NAME)";
				SWIFT_VERSION = 5.0;
				TARGETED_DEVICE_FAMILY = "1,2";
			};
			name = Debug;
		};
		D32A38A526D433F200891C78 /* Release */ = {
			isa = XCBuildConfiguration;
			baseConfigurationReference = EB4F1A104DA4F5F3DE633861 /* Pods-flixster.release.xcconfig */;
			buildSettings = {
				ASSETCATALOG_COMPILER_APPICON_NAME = AppIcon;
				ASSETCATALOG_COMPILER_GLOBAL_ACCENT_COLOR_NAME = AccentColor;
				CODE_SIGN_STYLE = Automatic;
				INFOPLIST_FILE = flixster/Info.plist;
				LD_RUNPATH_SEARCH_PATHS = (
					"$(inherited)",
					"@executable_path/Frameworks",
				);
				PRODUCT_BUNDLE_IDENTIFIER = com.fullmetaldev.flixster;
				PRODUCT_NAME = "$(TARGET_NAME)";
				SWIFT_VERSION = 5.0;
				TARGETED_DEVICE_FAMILY = "1,2";
			};
			name = Release;
		};
		D32A38A726D433F200891C78 /* Debug */ = {
			isa = XCBuildConfiguration;
			baseConfigurationReference = EEACB6CFAF95A850FE1EEEB3 /* Pods-flixsterTests.debug.xcconfig */;
			buildSettings = {
				ALWAYS_EMBED_SWIFT_STANDARD_LIBRARIES = YES;
				BUNDLE_LOADER = "$(TEST_HOST)";
				CODE_SIGN_STYLE = Automatic;
				INFOPLIST_FILE = flixsterTests/Info.plist;
				IPHONEOS_DEPLOYMENT_TARGET = 14.5;
				LD_RUNPATH_SEARCH_PATHS = (
					"$(inherited)",
					"@executable_path/Frameworks",
					"@loader_path/Frameworks",
				);
				PRODUCT_BUNDLE_IDENTIFIER = com.fullmetaldev.flixsterTests;
				PRODUCT_NAME = "$(TARGET_NAME)";
				SWIFT_VERSION = 5.0;
				TARGETED_DEVICE_FAMILY = "1,2";
				TEST_HOST = "$(BUILT_PRODUCTS_DIR)/flixster.app/flixster";
			};
			name = Debug;
		};
		D32A38A826D433F200891C78 /* Release */ = {
			isa = XCBuildConfiguration;
			baseConfigurationReference = 5AB91F55A3296164517A0E8F /* Pods-flixsterTests.release.xcconfig */;
			buildSettings = {
				ALWAYS_EMBED_SWIFT_STANDARD_LIBRARIES = YES;
				BUNDLE_LOADER = "$(TEST_HOST)";
				CODE_SIGN_STYLE = Automatic;
				INFOPLIST_FILE = flixsterTests/Info.plist;
				IPHONEOS_DEPLOYMENT_TARGET = 14.5;
				LD_RUNPATH_SEARCH_PATHS = (
					"$(inherited)",
					"@executable_path/Frameworks",
					"@loader_path/Frameworks",
				);
				PRODUCT_BUNDLE_IDENTIFIER = com.fullmetaldev.flixsterTests;
				PRODUCT_NAME = "$(TARGET_NAME)";
				SWIFT_VERSION = 5.0;
				TARGETED_DEVICE_FAMILY = "1,2";
				TEST_HOST = "$(BUILT_PRODUCTS_DIR)/flixster.app/flixster";
			};
			name = Release;
		};
		D32A38AA26D433F200891C78 /* Debug */ = {
			isa = XCBuildConfiguration;
			baseConfigurationReference = 913B8F010769C348F6A623C3 /* Pods-flixster-flixsterUITests.debug.xcconfig */;
			buildSettings = {
				ALWAYS_EMBED_SWIFT_STANDARD_LIBRARIES = YES;
				CODE_SIGN_STYLE = Automatic;
				INFOPLIST_FILE = flixsterUITests/Info.plist;
				LD_RUNPATH_SEARCH_PATHS = (
					"$(inherited)",
					"@executable_path/Frameworks",
					"@loader_path/Frameworks",
				);
				PRODUCT_BUNDLE_IDENTIFIER = com.fullmetaldev.flixsterUITests;
				PRODUCT_NAME = "$(TARGET_NAME)";
				SWIFT_VERSION = 5.0;
				TARGETED_DEVICE_FAMILY = "1,2";
				TEST_TARGET_NAME = flixster;
			};
			name = Debug;
		};
		D32A38AB26D433F200891C78 /* Release */ = {
			isa = XCBuildConfiguration;
			baseConfigurationReference = 553BE6FDCF92C144B0C47862 /* Pods-flixster-flixsterUITests.release.xcconfig */;
			buildSettings = {
				ALWAYS_EMBED_SWIFT_STANDARD_LIBRARIES = YES;
				CODE_SIGN_STYLE = Automatic;
				INFOPLIST_FILE = flixsterUITests/Info.plist;
				LD_RUNPATH_SEARCH_PATHS = (
					"$(inherited)",
					"@executable_path/Frameworks",
					"@loader_path/Frameworks",
				);
				PRODUCT_BUNDLE_IDENTIFIER = com.fullmetaldev.flixsterUITests;
				PRODUCT_NAME = "$(TARGET_NAME)";
				SWIFT_VERSION = 5.0;
				TARGETED_DEVICE_FAMILY = "1,2";
				TEST_TARGET_NAME = flixster;
			};
			name = Release;
		};
/* End XCBuildConfiguration section */

/* Begin XCConfigurationList section */
		D32A387426D433EC00891C78 /* Build configuration list for PBXProject "flixster" */ = {
			isa = XCConfigurationList;
			buildConfigurations = (
				D32A38A126D433F200891C78 /* Debug */,
				D32A38A226D433F200891C78 /* Release */,
			);
			defaultConfigurationIsVisible = 0;
			defaultConfigurationName = Release;
		};
		D32A38A326D433F200891C78 /* Build configuration list for PBXNativeTarget "flixster" */ = {
			isa = XCConfigurationList;
			buildConfigurations = (
				D32A38A426D433F200891C78 /* Debug */,
				D32A38A526D433F200891C78 /* Release */,
			);
			defaultConfigurationIsVisible = 0;
			defaultConfigurationName = Release;
		};
		D32A38A626D433F200891C78 /* Build configuration list for PBXNativeTarget "flixsterTests" */ = {
			isa = XCConfigurationList;
			buildConfigurations = (
				D32A38A726D433F200891C78 /* Debug */,
				D32A38A826D433F200891C78 /* Release */,
			);
			defaultConfigurationIsVisible = 0;
			defaultConfigurationName = Release;
		};
		D32A38A926D433F200891C78 /* Build configuration list for PBXNativeTarget "flixsterUITests" */ = {
			isa = XCConfigurationList;
			buildConfigurations = (
				D32A38AA26D433F200891C78 /* Debug */,
				D32A38AB26D433F200891C78 /* Release */,
			);
			defaultConfigurationIsVisible = 0;
			defaultConfigurationName = Release;
		};
/* End XCConfigurationList section */

/* Begin XCRemoteSwiftPackageReference section */
		D32A38B026D48FBE00891C78 /* XCRemoteSwiftPackageReference "AlamofireImage" */ = {
			isa = XCRemoteSwiftPackageReference;
			repositoryURL = "https://github.com/Alamofire/AlamofireImage";
			requirement = {
				kind = upToNextMajorVersion;
				minimumVersion = 4.2.0;
			};
		};
/* End XCRemoteSwiftPackageReference section */

/* Begin XCSwiftPackageProductDependency section */
		D32A38B126D48FBE00891C78 /* AlamofireImage */ = {
			isa = XCSwiftPackageProductDependency;
			package = D32A38B026D48FBE00891C78 /* XCRemoteSwiftPackageReference "AlamofireImage" */;
			productName = AlamofireImage;
		};
/* End XCSwiftPackageProductDependency section */
	};
	rootObject = D32A387126D433EC00891C78 /* Project object */;
}
